
Microsoft Visual Studio Solution File, Format Version 12.00
# Visual Studio Version 17
VisualStudioVersion = 17.5.002.0
MinimumVisualStudioVersion = 10.0.40219.1
Project("{9A19103F-16F7-4668-BE54-9A1E7A4F7556}") = "Week16API", "Week16API.csproj", "{0044DAE7-06D6-4B53-A166-241E70EB4300}"
EndProject
Global
	GlobalSection(SolutionConfigurationPlatforms) = preSolution
		Debug|Any CPU = Debug|Any CPU
		Release|Any CPU = Release|Any CPU
	EndGlobalSection
	GlobalSection(ProjectConfigurationPlatforms) = postSolution
		{0044DAE7-06D6-4B53-A166-241E70EB4300}.Debug|Any CPU.ActiveCfg = Debug|Any CPU
		{0044DAE7-06D6-4B53-A166-241E70EB4300}.Debug|Any CPU.Build.0 = Debug|Any CPU
		{0044DAE7-06D6-4B53-A166-241E70EB4300}.Release|Any CPU.ActiveCfg = Release|Any CPU
		{0044DAE7-06D6-4B53-A166-241E70EB4300}.Release|Any CPU.Build.0 = Release|Any CPU
	EndGlobalSection
	GlobalSection(SolutionProperties) = preSolution
		HideSolutionNode = FALSE
	EndGlobalSection
	GlobalSection(ExtensibilityGlobals) = postSolution
		SolutionGuid = {879CA444-97FB-465B-9B08-D02CA8BF432F}
	EndGlobalSection
EndGlobal
